
Microsoft Visual Studio Solution File, Format Version 12.00
# Visual Studio Version 17
VisualStudioVersion = 17.5.002.0
MinimumVisualStudioVersion = 10.0.40219.1
Project("{9A19103F-16F7-4668-BE54-9A1E7A4F7556}") = "http3-server", "http3-server.csproj", "{31205FD6-755B-44C7-B2FF-2DD8DCEB1040}"
EndProject
Global
	GlobalSection(SolutionConfigurationPlatforms) = preSolution
		Debug|Any CPU = Debug|Any CPU
		Release|Any CPU = Release|Any CPU
	EndGlobalSection
	GlobalSection(ProjectConfigurationPlatforms) = postSolution
		{31205FD6-755B-44C7-B2FF-2DD8DCEB1040}.Debug|Any CPU.ActiveCfg = Debug|Any CPU
		{31205FD6-755B-44C7-B2FF-2DD8DCEB1040}.Debug|Any CPU.Build.0 = Debug|Any CPU
		{31205FD6-755B-44C7-B2FF-2DD8DCEB1040}.Release|Any CPU.ActiveCfg = Release|Any CPU
		{31205FD6-755B-44C7-B2FF-2DD8DCEB1040}.Release|Any CPU.Build.0 = Release|Any CPU
	EndGlobalSection
	GlobalSection(SolutionProperties) = preSolution
		HideSolutionNode = FALSE
	EndGlobalSection
	GlobalSection(ExtensibilityGlobals) = postSolution
		SolutionGuid = {59214981-8C12-4983-99C7-CD6FF350280E}
	EndGlobalSection
EndGlobal
